
Microsoft Visual Studio Solution File, Format Version 12.00
# Visual Studio 15
VisualStudioVersion = 15.0.27004.2005
MinimumVisualStudioVersion = 10.0.40219.1
Project("{FAE04EC0-301F-11D3-BF4B-00C04F79EFBC}") = "Etapa04", "Etapa04\Etapa04.csproj", "{46D88280-66E6-4608-B264-C9031A08CAC6}"
EndProject
Global
	GlobalSection(SolutionConfigurationPlatforms) = preSolution
		Debug|Any CPU = Debug|Any CPU
		Release|Any CPU = Release|Any CPU
	EndGlobalSection
	GlobalSection(ProjectConfigurationPlatforms) = postSolution
		{46D88280-66E6-4608-B264-C9031A08CAC6}.Debug|Any CPU.ActiveCfg = Debug|Any CPU
		{46D88280-66E6-4608-B264-C9031A08CAC6}.Debug|Any CPU.Build.0 = Debug|Any CPU
		{46D88280-66E6-4608-B264-C9031A08CAC6}.Release|Any CPU.ActiveCfg = Release|Any CPU
		{46D88280-66E6-4608-B264-C9031A08CAC6}.Release|Any CPU.Build.0 = Release|Any CPU
	EndGlobalSection
	GlobalSection(SolutionProperties) = preSolution
		HideSolutionNode = FALSE
	EndGlobalSection
	GlobalSection(ExtensibilityGlobals) = postSolution
		SolutionGuid = {A2DA28E3-E39D-45E4-8210-D57C13D15834}
	EndGlobalSection
EndGlobal
